
Microsoft Visual Studio Solution File, Format Version 12.00
# Visual Studio Version 17
VisualStudioVersion = 17.13.35913.81 d17.13
MinimumVisualStudioVersion = 10.0.40219.1
Project("{FAE04EC0-301F-11D3-BF4B-00C04F79EFBC}") = "Car-Service-App", "Car-Service-App\Car-Service-App.csproj", "{5E234462-9AFD-4B2B-A389-EEAB9C2E61E5}"
EndProject
Global
	GlobalSection(SolutionConfigurationPlatforms) = preSolution
		Debug|Any CPU = Debug|Any CPU
		Release|Any CPU = Release|Any CPU
	EndGlobalSection
	GlobalSection(ProjectConfigurationPlatforms) = postSolution
		{5E234462-9AFD-4B2B-A389-EEAB9C2E61E5}.Debug|Any CPU.ActiveCfg = Debug|Any CPU
		{5E234462-9AFD-4B2B-A389-EEAB9C2E61E5}.Debug|Any CPU.Build.0 = Debug|Any CPU
		{5E234462-9AFD-4B2B-A389-EEAB9C2E61E5}.Release|Any CPU.ActiveCfg = Release|Any CPU
		{5E234462-9AFD-4B2B-A389-EEAB9C2E61E5}.Release|Any CPU.Build.0 = Release|Any CPU
	EndGlobalSection
	GlobalSection(SolutionProperties) = preSolution
		HideSolutionNode = FALSE
	EndGlobalSection
	GlobalSection(ExtensibilityGlobals) = postSolution
		SolutionGuid = {87B4F1C0-6BAF-478F-AE24-683D5E5FCDA3}
	EndGlobalSection
EndGlobal
